// !$*UTF8*$!
{
	archiveVersion = 1;
	classes = {
	};
	objectVersion = 50;
	objects = {

/* Begin PBXBuildFile section */
		D13BF74C240D7057007A6448 /* AppDelegate.swift in Sources */ = {isa = PBXBuildFile; fileRef = D13BF74B240D7057007A6448 /* AppDelegate.swift */; };
		D13BF74E240D7057007A6448 /* SceneDelegate.swift in Sources */ = {isa = PBXBuildFile; fileRef = D13BF74D240D7057007A6448 /* SceneDelegate.swift */; };
		D13BF750240D7057007A6448 /* ContentView.swift in Sources */ = {isa = PBXBuildFile; fileRef = D13BF74F240D7057007A6448 /* ContentView.swift */; };
		D13BF752240D705A007A6448 /* Assets.xcassets in Resources */ = {isa = PBXBuildFile; fileRef = D13BF751240D705A007A6448 /* Assets.xcassets */; };
		D13BF755240D705A007A6448 /* Preview Assets.xcassets in Resources */ = {isa = PBXBuildFile; fileRef = D13BF754240D705A007A6448 /* Preview Assets.xcassets */; };
		D13BF758240D705A007A6448 /* LaunchScreen.storyboard in Resources */ = {isa = PBXBuildFile; fileRef = D13BF756240D705A007A6448 /* LaunchScreen.storyboard */; };
		D13BF763240D705B007A6448 /* ContextMenuDemoTests.swift in Sources */ = {isa = PBXBuildFile; fileRef = D13BF762240D705B007A6448 /* ContextMenuDemoTests.swift */; };
		D13BF76E240D705B007A6448 /* ContextMenuDemoUITests.swift in Sources */ = {isa = PBXBuildFile; fileRef = D13BF76D240D705B007A6448 /* ContextMenuDemoUITests.swift */; };
/* End PBXBuildFile section */

/* Begin PBXContainerItemProxy section */
		D13BF75F240D705A007A6448 /* PBXContainerItemProxy */ = {
			isa = PBXContainerItemProxy;
			containerPortal = D13BF740240D7057007A6448 /* Project object */;
			proxyType = 1;
			remoteGlobalIDString = D13BF747240D7057007A6448;
			remoteInfo = ContextMenuDemo;
		};
		D13BF76A240D705B007A6448 /* PBXContainerItemProxy */ = {
			isa = PBXContainerItemProxy;
			containerPortal = D13BF740240D7057007A6448 /* Project object */;
			proxyType = 1;
			remoteGlobalIDString = D13BF747240D7057007A6448;
			remoteInfo = ContextMenuDemo;
		};
/* End PBXContainerItemProxy section */

/* Begin PBXFileReference section */
		D13BF748240D7057007A6448 /* ContextMenuDemo.app */ = {isa = PBXFileReference; explicitFileType = wrapper.application; includeInIndex = 0; path = ContextMenuDemo.app; sourceTree = BUILT_PRODUCTS_DIR; };
		D13BF74B240D7057007A6448 /* AppDelegate.swift */ = {isa = PBXFileReference; lastKnownFileType = sourcecode.swift; path = AppDelegate.swift; sourceTree = "<group>"; };
		D13BF74D240D7057007A6448 /* SceneDelegate.swift */ = {isa = PBXFileReference; lastKnownFileType = sourcecode.swift; path = SceneDelegate.swift; sourceTree = "<group>"; };
		D13BF74F240D7057007A6448 /* ContentView.swift */ = {isa = PBXFileReference; lastKnownFileType = sourcecode.swift; path = ContentView.swift; sourceTree = "<group>"; };
		D13BF751240D705A007A6448 /* Assets.xcassets */ = {isa = PBXFileReference; lastKnownFileType = folder.assetcatalog; path = Assets.xcassets; sourceTree = "<group>"; };
		D13BF754240D705A007A6448 /* Preview Assets.xcassets */ = {isa = PBXFileReference; lastKnownFileType = folder.assetcatalog; path = "Preview Assets.xcassets"; sourceTree = "<group>"; };
		D13BF757240D705A007A6448 /* Base */ = {isa = PBXFileReference; lastKnownFileType = file.storyboard; name = Base; path = Base.lproj/LaunchScreen.storyboard; sourceTree = "<group>"; };
		D13BF759240D705A007A6448 /* Info.plist */ = {isa = PBXFileReference; lastKnownFileType = text.plist.xml; path = Info.plist; sourceTree = "<group>"; };
		D13BF75E240D705A007A6448 /* ContextMenuDemoTests.xctest */ = {isa = PBXFileReference; explicitFileType = wrapper.cfbundle; includeInIndex = 0; path = ContextMenuDemoTests.xctest; sourceTree = BUILT_PRODUCTS_DIR; };
		D13BF762240D705B007A6448 /* ContextMenuDemoTests.swift */ = {isa = PBXFileReference; lastKnownFileType = sourcecode.swift; path = ContextMenuDemoTests.swift; sourceTree = "<group>"; };
		D13BF764240D705B007A6448 /* Info.plist */ = {isa = PBXFileReference; lastKnownFileType = text.plist.xml; path = Info.plist; sourceTree = "<group>"; };
		D13BF769240D705B007A6448 /* ContextMenuDemoUITests.xctest */ = {isa = PBXFileReference; explicitFileType = wrapper.cfbundle; includeInIndex = 0; path = ContextMenuDemoUITests.xctest; sourceTree = BUILT_PRODUCTS_DIR; };
		D13BF76D240D705B007A6448 /* ContextMenuDemoUITests.swift */ = {isa = PBXFileReference; lastKnownFileType = sourcecode.swift; path = ContextMenuDemoUITests.swift; sourceTree = "<group>"; };
		D13BF76F240D705B007A6448 /* Info.plist */ = {isa = PBXFileReference; lastKnownFileType = text.plist.xml; path = Info.plist; sourceTree = "<group>"; };
/* End PBXFileReference section */

/* Begin PBXFrameworksBuildPhase section */
		D13BF745240D7057007A6448 /* Frameworks */ = {
			isa = PBXFrameworksBuildPhase;
			buildActionMask = 2147483647;
			files = (
			);
			runOnlyForDeploymentPostprocessing = 0;
		};
		D13BF75B240D705A007A6448 /* Frameworks */ = {
			isa = PBXFrameworksBuildPhase;
			buildActionMask = 2147483647;
			files = (
			);
			runOnlyForDeploymentPostprocessing = 0;
		};
		D13BF766240D705B007A6448 /* Frameworks */ = {
			isa = PBXFrameworksBuildPhase;
			buildActionMask = 2147483647;
			files = (
			);
			runOnlyForDeploymentPostprocessing = 0;
		};
/* End PBXFrameworksBuildPhase section */

/* Begin PBXGroup section */
		D13BF73F240D7057007A6448 = {
			isa = PBXGroup;
			children = (
				D13BF74A240D7057007A6448 /* ContextMenuDemo */,
				D13BF761240D705B007A6448 /* ContextMenuDemoTests */,
				D13BF76C240D705B007A6448 /* ContextMenuDemoUITests */,
				D13BF749240D7057007A6448 /* Products */,
			);
			sourceTree = "<group>";
		};
		D13BF749240D7057007A6448 /* Products */ = {
			isa = PBXGroup;
			children = (
				D13BF748240D7057007A6448 /* ContextMenuDemo.app */,
				D13BF75E240D705A007A6448 /* ContextMenuDemoTests.xctest */,
				D13BF769240D705B007A6448 /* ContextMenuDemoUITests.xctest */,
			);
			name = Products;
			sourceTree = "<group>";
		};
		D13BF74A240D7057007A6448 /* ContextMenuDemo */ = {
			isa = PBXGroup;
			children = (
				D13BF74B240D7057007A6448 /* AppDelegate.swift */,
				D13BF74D240D7057007A6448 /* SceneDelegate.swift */,
				D13BF74F240D7057007A6448 /* ContentView.swift */,
				D13BF751240D705A007A6448 /* Assets.xcassets */,
				D13BF756240D705A007A6448 /* LaunchScreen.storyboard */,
				D13BF759240D705A007A6448 /* Info.plist */,
				D13BF753240D705A007A6448 /* Preview Content */,
			);
			path = ContextMenuDemo;
			sourceTree = "<group>";
		};
		D13BF753240D705A007A6448 /* Preview Content */ = {
			isa = PBXGroup;
			children = (
				D13BF754240D705A007A6448 /* Preview Assets.xcassets */,
			);
			path = "Preview Content";
			sourceTree = "<group>";
		};
		D13BF761240D705B007A6448 /* ContextMenuDemoTests */ = {
			isa = PBXGroup;
			children = (
				D13BF762240D705B007A6448 /* ContextMenuDemoTests.swift */,
				D13BF764240D705B007A6448 /* Info.plist */,
			);
			path = ContextMenuDemoTests;
			sourceTree = "<group>";
		};
		D13BF76C240D705B007A6448 /* ContextMenuDemoUITests */ = {
			isa = PBXGroup;
			children = (
				D13BF76D240D705B007A6448 /* ContextMenuDemoUITests.swift */,
				D13BF76F240D705B007A6448 /* Info.plist */,
			);
			path = ContextMenuDemoUITests;
			sourceTree = "<group>";
		};
/* End PBXGroup section */

/* Begin PBXNativeTarget section */
		D13BF747240D7057007A6448 /* ContextMenuDemo */ = {
			isa = PBXNativeTarget;
			buildConfigurationList = D13BF772240D705B007A6448 /* Build configuration list for PBXNativeTarget "ContextMenuDemo" */;
			buildPhases = (
				D13BF744240D7057007A6448 /* Sources */,
				D13BF745240D7057007A6448 /* Frameworks */,
				D13BF746240D7057007A6448 /* Resources */,
			);
			buildRules = (
			);
			dependencies = (
			);
			name = ContextMenuDemo;
			productName = ContextMenuDemo;
			productReference = D13BF748240D7057007A6448 /* ContextMenuDemo.app */;
			productType = "com.apple.product-type.application";
		};
		D13BF75D240D705A007A6448 /* ContextMenuDemoTests */ = {
			isa = PBXNativeTarget;
			buildConfigurationList = D13BF775240D705B007A6448 /* Build configuration list for PBXNativeTarget "ContextMenuDemoTests" */;
			buildPhases = (
				D13BF75A240D705A007A6448 /* Sources */,
				D13BF75B240D705A007A6448 /* Frameworks */,
				D13BF75C240D705A007A6448 /* Resources */,
			);
			buildRules = (
			);
			dependencies = (
				D13BF760240D705A007A6448 /* PBXTargetDependency */,
			);
			name = ContextMenuDemoTests;
			productName = ContextMenuDemoTests;
			productReference = D13BF75E240D705A007A6448 /* ContextMenuDemoTests.xctest */;
			productType = "com.apple.product-type.bundle.unit-test";
		};
		D13BF768240D705B007A6448 /* ContextMenuDemoUITests */ = {
			isa = PBXNativeTarget;
			buildConfigurationList = D13BF778240D705B007A6448 /* Build configuration list for PBXNativeTarget "ContextMenuDemoUITests" */;
			buildPhases = (
				D13BF765240D705B007A6448 /* Sources */,
				D13BF766240D705B007A6448 /* Frameworks */,
				D13BF767240D705B007A6448 /* Resources */,
			);
			buildRules = (
			);
			dependencies = (
				D13BF76B240D705B007A6448 /* PBXTargetDependency */,
			);
			name = ContextMenuDemoUITests;
			productName = ContextMenuDemoUITests;
			productReference = D13BF769240D705B007A6448 /* ContextMenuDemoUITests.xctest */;
			productType = "com.apple.product-type.bundle.ui-testing";
		};
/* End PBXNativeTarget section */

/* Begin PBXProject section */
		D13BF740240D7057007A6448 /* Project object */ = {
			isa = PBXProject;
			attributes = {
				LastSwiftUpdateCheck = 1140;
				LastUpgradeCheck = 1140;
				ORGANIZATIONNAME = shiga;
				TargetAttributes = {
					D13BF747240D7057007A6448 = {
						CreatedOnToolsVersion = 11.4;
					};
					D13BF75D240D705A007A6448 = {
						CreatedOnToolsVersion = 11.4;
						TestTargetID = D13BF747240D7057007A6448;
					};
					D13BF768240D705B007A6448 = {
						CreatedOnToolsVersion = 11.4;
						TestTargetID = D13BF747240D7057007A6448;
					};
				};
			};
			buildConfigurationList = D13BF743240D7057007A6448 /* Build configuration list for PBXProject "ContextMenuDemo" */;
			compatibilityVersion = "Xcode 9.3";
			developmentRegion = en;
			hasScannedForEncodings = 0;
			knownRegions = (
				en,
				Base,
			);
			mainGroup = D13BF73F240D7057007A6448;
			productRefGroup = D13BF749240D7057007A6448 /* Products */;
			projectDirPath = "";
			projectRoot = "";
			targets = (
				D13BF747240D7057007A6448 /* ContextMenuDemo */,
				D13BF75D240D705A007A6448 /* ContextMenuDemoTests */,
				D13BF768240D705B007A6448 /* ContextMenuDemoUITests */,
			);
		};
/* End PBXProject section */

/* Begin PBXResourcesBuildPhase section */
		D13BF746240D7057007A6448 /* Resources */ = {
			isa = PBXResourcesBuildPhase;
			buildActionMask = 2147483647;
			files = (
				D13BF758240D705A007A6448 /* LaunchScreen.storyboard in Resources */,
				D13BF755240D705A007A6448 /* Preview Assets.xcassets in Resources */,
				D13BF752240D705A007A6448 /* Assets.xcassets in Resources */,
			);
			runOnlyForDeploymentPostprocessing = 0;
		};
		D13BF75C240D705A007A6448 /* Resources */ = {
			isa = PBXResourcesBuildPhase;
			buildActionMask = 2147483647;
			files = (
			);
			runOnlyForDeploymentPostprocessing = 0;
		};
		D13BF767240D705B007A6448 /* Resources */ = {
			isa = PBXResourcesBuildPhase;
			buildActionMask = 2147483647;
			files = (
			);
			runOnlyForDeploymentPostprocessing = 0;
		};
/* End PBXResourcesBuildPhase section */

/* Begin PBXSourcesBuildPhase section */
		D13BF744240D7057007A6448 /* Sources */ = {
			isa = PBXSourcesBuildPhase;
			buildActionMask = 2147483647;
			files = (
				D13BF74C240D7057007A6448 /* AppDelegate.swift in Sources */,
				D13BF74E240D7057007A6448 /* SceneDelegate.swift in Sources */,
				D13BF750240D7057007A6448 /* ContentView.swift in Sources */,
			);
			runOnlyForDeploymentPostprocessing = 0;
		};
		D13BF75A240D705A007A6448 /* Sources */ = {
			isa = PBXSourcesBuildPhase;
			buildActionMask = 2147483647;
			files = (
				D13BF763240D705B007A6448 /* ContextMenuDemoTests.swift in Sources */,
			);
			runOnlyForDeploymentPostprocessing = 0;
		};
		D13BF765240D705B007A6448 /* Sources */ = {
			isa = PBXSourcesBuildPhase;
			buildActionMask = 2147483647;
			files = (
				D13BF76E240D705B007A6448 /* ContextMenuDemoUITests.swift in Sources */,
			);
			runOnlyForDeploymentPostprocessing = 0;
		};
/* End PBXSourcesBuildPhase section */

/* Begin PBXTargetDependency section */
		D13BF760240D705A007A6448 /* PBXTargetDependency */ = {
			isa = PBXTargetDependency;
			target = D13BF747240D7057007A6448 /* ContextMenuDemo */;
			targetProxy = D13BF75F240D705A007A6448 /* PBXContainerItemProxy */;
		};
		D13BF76B240D705B007A6448 /* PBXTargetDependency */ = {
			isa = PBXTargetDependency;
			target = D13BF747240D7057007A6448 /* ContextMenuDemo */;
			targetProxy = D13BF76A240D705B007A6448 /* PBXContainerItemProxy */;
		};
/* End PBXTargetDependency section */

/* Begin PBXVariantGroup section */
		D13BF756240D705A007A6448 /* LaunchScreen.storyboard */ = {
			isa = PBXVariantGroup;
			children = (
				D13BF757240D705A007A6448 /* Base */,
			);
			name = LaunchScreen.storyboard;
			sourceTree = "<group>";
		};
/* End PBXVariantGroup section */

/* Begin XCBuildConfiguration section */
		D13BF770240D705B007A6448 /* Debug */ = {
			isa = XCBuildConfiguration;
			buildSettings = {
				ALWAYS_SEARCH_USER_PATHS = NO;
				CLANG_ANALYZER_NONNULL = YES;
				CLANG_ANALYZER_NUMBER_OBJECT_CONVERSION = YES_AGGRESSIVE;
				CLANG_CXX_LANGUAGE_STANDARD = "gnu++14";
				CLANG_CXX_LIBRARY = "libc++";
				CLANG_ENABLE_MODULES = YES;
				CLANG_ENABLE_OBJC_ARC = YES;
				CLANG_ENABLE_OBJC_WEAK = YES;
				CLANG_WARN_BLOCK_CAPTURE_AUTORELEASING = YES;
				CLANG_WARN_BOOL_CONVERSION = YES;
				CLANG_WARN_COMMA = YES;
				CLANG_WARN_CONSTANT_CONVERSION = YES;
				CLANG_WARN_DEPRECATED_OBJC_IMPLEMENTATIONS = YES;
				CLANG_WARN_DIRECT_OBJC_ISA_USAGE = YES_ERROR;
				CLANG_WARN_DOCUMENTATION_COMMENTS = YES;
				CLANG_WARN_EMPTY_BODY = YES;
				CLANG_WARN_ENUM_CONVERSION = YES;
				CLANG_WARN_INFINITE_RECURSION = YES;
				CLANG_WARN_INT_CONVERSION = YES;
				CLANG_WARN_NON_LITERAL_NULL_CONVERSION = YES;
				CLANG_WARN_OBJC_IMPLICIT_RETAIN_SELF = YES;
				CLANG_WARN_OBJC_LITERAL_CONVERSION = YES;
				CLANG_WARN_OBJC_ROOT_CLASS = YES_ERROR;
				CLANG_WARN_RANGE_LOOP_ANALYSIS = YES;
				CLANG_WARN_STRICT_PROTOTYPES = YES;
				CLANG_WARN_SUSPICIOUS_MOVE = YES;
				CLANG_WARN_UNGUARDED_AVAILABILITY = YES_AGGRESSIVE;
				CLANG_WARN_UNREACHABLE_CODE = YES;
				CLANG_WARN__DUPLICATE_METHOD_MATCH = YES;
				COPY_PHASE_STRIP = NO;
				DEBUG_INFORMATION_FORMAT = dwarf;
				ENABLE_STRICT_OBJC_MSGSEND = YES;
				ENABLE_TESTABILITY = YES;
				GCC_C_LANGUAGE_STANDARD = gnu11;
				GCC_DYNAMIC_NO_PIC = NO;
				GCC_NO_COMMON_BLOCKS = YES;
				GCC_OPTIMIZATION_LEVEL = 0;
				GCC_PREPROCESSOR_DEFINITIONS = (
					"DEBUG=1",
					"$(inherited)",
				);
				GCC_WARN_64_TO_32_BIT_CONVERSION = YES;
				GCC_WARN_ABOUT_RETURN_TYPE = YES_ERROR;
				GCC_WARN_UNDECLARED_SELECTOR = YES;
				GCC_WARN_UNINITIALIZED_AUTOS = YES_AGGRESSIVE;
				GCC_WARN_UNUSED_FUNCTION = YES;
				GCC_WARN_UNUSED_VARIABLE = YES;
				IPHONEOS_DEPLOYMENT_TARGET = 13.4;
				MTL_ENABLE_DEBUG_INFO = INCLUDE_SOURCE;
				MTL_FAST_MATH = YES;
				ONLY_ACTIVE_ARCH = YES;
				SDKROOT = iphoneos;
				SWIFT_ACTIVE_COMPILATION_CONDITIONS = DEBUG;
				SWIFT_OPTIMIZATION_LEVEL = "-Onone";
			};
			name = Debug;
		};
		D13BF771240D705B007A6448 /* Release */ = {
			isa = XCBuildConfiguration;
			buildSettings = {
				ALWAYS_SEARCH_USER_PATHS = NO;
				CLANG_ANALYZER_NONNULL = YES;
				CLANG_ANALYZER_NUMBER_OBJECT_CONVERSION = YES_AGGRESSIVE;
				CLANG_CXX_LANGUAGE_STANDARD = "gnu++14";
				CLANG_CXX_LIBRARY = "libc++";
				CLANG_ENABLE_MODULES = YES;
				CLANG_ENABLE_OBJC_ARC = YES;
				CLANG_ENABLE_OBJC_WEAK = YES;
				CLANG_WARN_BLOCK_CAPTURE_AUTORELEASING = YES;
				CLANG_WARN_BOOL_CONVERSION = YES;
				CLANG_WARN_COMMA = YES;
				CLANG_WARN_CONSTANT_CONVERSION = YES;
				CLANG_WARN_DEPRECATED_OBJC_IMPLEMENTATIONS = YES;
				CLANG_WARN_DIRECT_OBJC_ISA_USAGE = YES_ERROR;
				CLANG_WARN_DOCUMENTATION_COMMENTS = YES;
				CLANG_WARN_EMPTY_BODY = YES;
				CLANG_WARN_ENUM_CONVERSION = YES;
				CLANG_WARN_INFINITE_RECURSION = YES;
				CLANG_WARN_INT_CONVERSION = YES;
				CLANG_WARN_NON_LITERAL_NULL_CONVERSION = YES;
				CLANG_WARN_OBJC_IMPLICIT_RETAIN_SELF = YES;
				CLANG_WARN_OBJC_LITERAL_CONVERSION = YES;
				CLANG_WARN_OBJC_ROOT_CLASS = YES_ERROR;
				CLANG_WARN_RANGE_LOOP_ANALYSIS = YES;
				CLANG_WARN_STRICT_PROTOTYPES = YES;
				CLANG_WARN_SUSPICIOUS_MOVE = YES;
				CLANG_WARN_UNGUARDED_AVAILABILITY = YES_AGGRESSIVE;
				CLANG_WARN_UNREACHABLE_CODE = YES;
				CLANG_WARN__DUPLICATE_METHOD_MATCH = YES;
				COPY_PHASE_STRIP = NO;
				DEBUG_INFORMATION_FORMAT = "dwarf-with-dsym";
				ENABLE_NS_ASSERTIONS = NO;
				ENABLE_STRICT_OBJC_MSGSEND = YES;
				GCC_C_LANGUAGE_STANDARD = gnu11;
				GCC_NO_COMMON_BLOCKS = YES;
				GCC_WARN_64_TO_32_BIT_CONVERSION = YES;
				GCC_WARN_ABOUT_RETURN_TYPE = YES_ERROR;
				GCC_WARN_UNDECLARED_SELECTOR = YES;
				GCC_WARN_UNINITIALIZED_AUTOS = YES_AGGRESSIVE;
				GCC_WARN_UNUSED_FUNCTION = YES;
				GCC_WARN_UNUSED_VARIABLE = YES;
				IPHONEOS_DEPLOYMENT_TARGET = 13.4;
				MTL_ENABLE_DEBUG_INFO = NO;
				MTL_FAST_MATH = YES;
				SDKROOT = iphoneos;
				SWIFT_COMPILATION_MODE = wholemodule;
				SWIFT_OPTIMIZATION_LEVEL = "-O";
				VALIDATE_PRODUCT = YES;
			};
			name = Release;
		};
		D13BF773240D705B007A6448 /* Debug */ = {
			isa = XCBuildConfiguration;
			buildSettings = {
				ASSETCATALOG_COMPILER_APPICON_NAME = AppIcon;
				CODE_SIGN_STYLE = Automatic;
				DEVELOPMENT_ASSET_PATHS = "\"ContextMenuDemo/Preview Content\"";
				DEVELOPMENT_TEAM = J3W7ZZT238;
				ENABLE_PREVIEWS = YES;
				INFOPLIST_FILE = ContextMenuDemo/Info.plist;
				LD_RUNPATH_SEARCH_PATHS = (
					"$(inherited)",
					"@executable_path/Frameworks",
				);
				PRODUCT_BUNDLE_IDENTIFIER = com.Shigas.ContextMenuDemo;
				PRODUCT_NAME = "$(TARGET_NAME)";
				SWIFT_VERSION = 5.0;
				TARGETED_DEVICE_FAMILY = "1,2";
			};
			name = Debug;
		};
		D13BF774240D705B007A6448 /* Release */ = {
			isa = XCBuildConfiguration;
			buildSettings = {
				ASSETCATALOG_COMPILER_APPICON_NAME = AppIcon;
				CODE_SIGN_STYLE = Automatic;
				DEVELOPMENT_ASSET_PATHS = "\"ContextMenuDemo/Preview Content\"";
				DEVELOPMENT_TEAM = J3W7ZZT238;
				ENABLE_PREVIEWS = YES;
				INFOPLIST_FILE = ContextMenuDemo/Info.plist;
				LD_RUNPATH_SEARCH_PATHS = (
					"$(inherited)",
					"@executable_path/Frameworks",
				);
				PRODUCT_BUNDLE_IDENTIFIER = com.Shigas.ContextMenuDemo;
				PRODUCT_NAME = "$(TARGET_NAME)";
				SWIFT_VERSION = 5.0;
				TARGETED_DEVICE_FAMILY = "1,2";
			};
			name = Release;
		};
		D13BF776240D705B007A6448 /* Debug */ = {
			isa = XCBuildConfiguration;
			buildSettings = {
				ALWAYS_EMBED_SWIFT_STANDARD_LIBRARIES = YES;
				BUNDLE_LOADER = "$(TEST_HOST)";
				CODE_SIGN_STYLE = Automatic;
				DEVELOPMENT_TEAM = J3W7ZZT238;
				INFOPLIST_FILE = ContextMenuDemoTests/Info.plist;
				IPHONEOS_DEPLOYMENT_TARGET = 13.4;
				LD_RUNPATH_SEARCH_PATHS = (
					"$(inherited)",
					"@executable_path/Frameworks",
					"@loader_path/Frameworks",
				);
				PRODUCT_BUNDLE_IDENTIFIER = com.Shigas.ContextMenuDemoTests;
				PRODUCT_NAME = "$(TARGET_NAME)";
				SWIFT_VERSION = 5.0;
				TARGETED_DEVICE_FAMILY = "1,2";
				TEST_HOST = "$(BUILT_PRODUCTS_DIR)/ContextMenuDemo.app/ContextMenuDemo";
			};
			name = Debug;
		};
		D13BF777240D705B007A6448 /* Release */ = {
			isa = XCBuildConfiguration;
			buildSettings = {
				ALWAYS_EMBED_SWIFT_STANDARD_LIBRARIES = YES;
				BUNDLE_LOADER = "$(TEST_HOST)";
				CODE_SIGN_STYLE = Automatic;
				DEVELOPMENT_TEAM = J3W7ZZT238;
				INFOPLIST_FILE = ContextMenuDemoTests/Info.plist;
				IPHONEOS_DEPLOYMENT_TARGET = 13.4;
				LD_RUNPATH_SEARCH_PATHS = (
					"$(inherited)",
					"@executable_path/Frameworks",
					"@loader_path/Frameworks",
				);
				PRODUCT_BUNDLE_IDENTIFIER = com.Shigas.ContextMenuDemoTests;
				PRODUCT_NAME = "$(TARGET_NAME)";
				SWIFT_VERSION = 5.0;
				TARGETED_DEVICE_FAMILY = "1,2";
				TEST_HOST = "$(BUILT_PRODUCTS_DIR)/ContextMenuDemo.app/ContextMenuDemo";
			};
			name = Release;
		};
		D13BF779240D705B007A6448 /* Debug */ = {
			isa = XCBuildConfiguration;
			buildSettings = {
				ALWAYS_EMBED_SWIFT_STANDARD_LIBRARIES = YES;
				CODE_SIGN_STYLE = Automatic;
				DEVELOPMENT_TEAM = J3W7ZZT238;
				INFOPLIST_FILE = ContextMenuDemoUITests/Info.plist;
				LD_RUNPATH_SEARCH_PATHS = (
					"$(inherited)",
					"@executable_path/Frameworks",
					"@loader_path/Frameworks",
				);
				PRODUCT_BUNDLE_IDENTIFIER = com.Shigas.ContextMenuDemoUITests;
				PRODUCT_NAME = "$(TARGET_NAME)";
				SWIFT_VERSION = 5.0;
				TARGETED_DEVICE_FAMILY = "1,2";
				TEST_TARGET_NAME = ContextMenuDemo;
			};
			name = Debug;
		};
		D13BF77A240D705B007A6448 /* Release */ = {
			isa = XCBuildConfiguration;
			buildSettings = {
				ALWAYS_EMBED_SWIFT_STANDARD_LIBRARIES = YES;
				CODE_SIGN_STYLE = Automatic;
				DEVELOPMENT_TEAM = J3W7ZZT238;
				INFOPLIST_FILE = ContextMenuDemoUITests/Info.plist;
				LD_RUNPATH_SEARCH_PATHS = (
					"$(inherited)",
					"@executable_path/Frameworks",
					"@loader_path/Frameworks",
				);
				PRODUCT_BUNDLE_IDENTIFIER = com.Shigas.ContextMenuDemoUITests;
				PRODUCT_NAME = "$(TARGET_NAME)";
				SWIFT_VERSION = 5.0;
				TARGETED_DEVICE_FAMILY = "1,2";
				TEST_TARGET_NAME = ContextMenuDemo;
			};
			name = Release;
		};
/* End XCBuildConfiguration section */

/* Begin XCConfigurationList section */
		D13BF743240D7057007A6448 /* Build configuration list for PBXProject "ContextMenuDemo" */ = {
			isa = XCConfigurationList;
			buildConfigurations = (
				D13BF770240D705B007A6448 /* Debug */,
				D13BF771240D705B007A6448 /* Release */,
			);
			defaultConfigurationIsVisible = 0;
			defaultConfigurationName = Release;
		};
		D13BF772240D705B007A6448 /* Build configuration list for PBXNativeTarget "ContextMenuDemo" */ = {
			isa = XCConfigurationList;
			buildConfigurations = (
				D13BF773240D705B007A6448 /* Debug */,
				D13BF774240D705B007A6448 /* Release */,
			);
			defaultConfigurationIsVisible = 0;
			defaultConfigurationName = Release;
		};
		D13BF775240D705B007A6448 /* Build configuration list for PBXNativeTarget "ContextMenuDemoTests" */ = {
			isa = XCConfigurationList;
			buildConfigurations = (
				D13BF776240D705B007A6448 /* Debug */,
				D13BF777240D705B007A6448 /* Release */,
			);
			defaultConfigurationIsVisible = 0;
			defaultConfigurationName = Release;
		};
		D13BF778240D705B007A6448 /* Build configuration list for PBXNativeTarget "ContextMenuDemoUITests" */ = {
			isa = XCConfigurationList;
			buildConfigurations = (
				D13BF779240D705B007A6448 /* Debug */,
				D13BF77A240D705B007A6448 /* Release */,
			);
			defaultConfigurationIsVisible = 0;
			defaultConfigurationName = Release;
		};
/* End XCConfigurationList section */
	};
	rootObject = D13BF740240D7057007A6448 /* Project object */;
}
